
Microsoft Visual Studio Solution File, Format Version 12.00
# Visual Studio Version 17
VisualStudioVersion = 17.11.35327.3
MinimumVisualStudioVersion = 10.0.40219.1
Project("{8BC9CEB8-8B4A-11D0-8D11-00A0C91BC942}") = "FactoryMethodExample", "FactoryMethodExample.vcxproj", "{0419A802-06F8-4F3E-8552-83040734C6AC}"
EndProject
Global
	GlobalSection(SolutionConfigurationPlatforms) = preSolution
		Debug|x64 = Debug|x64
		Debug|x86 = Debug|x86
		Release|x64 = Release|x64
		Release|x86 = Release|x86
	EndGlobalSection
	GlobalSection(ProjectConfigurationPlatforms) = postSolution
		{0419A802-06F8-4F3E-8552-83040734C6AC}.Debug|x64.ActiveCfg = Debug|x64
		{0419A802-06F8-4F3E-8552-83040734C6AC}.Debug|x64.Build.0 = Debug|x64
		{0419A802-06F8-4F3E-8552-83040734C6AC}.Debug|x86.ActiveCfg = Debug|Win32
		{0419A802-06F8-4F3E-8552-83040734C6AC}.Debug|x86.Build.0 = Debug|Win32
		{0419A802-06F8-4F3E-8552-83040734C6AC}.Release|x64.ActiveCfg = Release|x64
		{0419A802-06F8-4F3E-8552-83040734C6AC}.Release|x64.Build.0 = Release|x64
		{0419A802-06F8-4F3E-8552-83040734C6AC}.Release|x86.ActiveCfg = Release|Win32
		{0419A802-06F8-4F3E-8552-83040734C6AC}.Release|x86.Build.0 = Release|Win32
	EndGlobalSection
	GlobalSection(SolutionProperties) = preSolution
		HideSolutionNode = FALSE
	EndGlobalSection
	GlobalSection(ExtensibilityGlobals) = postSolution
		SolutionGuid = {69AC1064-AD65-459A-AB15-A3E4047C7524}
	EndGlobalSection
EndGlobal
